
Microsoft Visual Studio Solution File, Format Version 12.00
# Visual Studio Version 17
VisualStudioVersion = 17.10.35122.118
MinimumVisualStudioVersion = 10.0.40219.1
Project("{FAE04EC0-301F-11D3-BF4B-00C04F79EFBC}") = "CoinsActivityz", "CoinsActivityz\CoinsActivityz.csproj", "{A1F0B662-6480-4667-8B61-CFB1F350FB47}"
EndProject
Global
	GlobalSection(SolutionConfigurationPlatforms) = preSolution
		Debug|Any CPU = Debug|Any CPU
		Release|Any CPU = Release|Any CPU
	EndGlobalSection
	GlobalSection(ProjectConfigurationPlatforms) = postSolution
		{A1F0B662-6480-4667-8B61-CFB1F350FB47}.Debug|Any CPU.ActiveCfg = Debug|Any CPU
		{A1F0B662-6480-4667-8B61-CFB1F350FB47}.Debug|Any CPU.Build.0 = Debug|Any CPU
		{A1F0B662-6480-4667-8B61-CFB1F350FB47}.Release|Any CPU.ActiveCfg = Release|Any CPU
		{A1F0B662-6480-4667-8B61-CFB1F350FB47}.Release|Any CPU.Build.0 = Release|Any CPU
	EndGlobalSection
	GlobalSection(SolutionProperties) = preSolution
		HideSolutionNode = FALSE
	EndGlobalSection
	GlobalSection(ExtensibilityGlobals) = postSolution
		SolutionGuid = {1914CC97-D714-4A00-A688-3DD3E404E376}
	EndGlobalSection
EndGlobal
